
Microsoft Visual Studio Solution File, Format Version 12.00
# Visual Studio Version 17
VisualStudioVersion = 17.12.35424.110
MinimumVisualStudioVersion = 10.0.40219.1
Project("{9A19103F-16F7-4668-BE54-9A1E7A4F7556}") = "KoiFarmShop.WebApplication", "KoiFarmShop.WebApplication\KoiFarmShop.WebApplication.csproj", "{E5966B33-6459-4025-92C9-A2F40DA52ED9}"
EndProject
Project("{FAE04EC0-301F-11D3-BF4B-00C04F79EFBC}") = "KoiFarmShop.Services", "KoiFarmShop.Services\KoiFarmShop.Services.csproj", "{BECEBC36-B445-49B3-A0BB-816166BF788E}"
EndProject
Project("{FAE04EC0-301F-11D3-BF4B-00C04F79EFBC}") = "KoiFarmShop.Repositories", "KoiFarmShop.Repositories\KoiFarmShop.Repositories.csproj", "{4DA1315A-F37F-4EEB-9441-BA05E5EA51E6}"
EndProject
Project("{9A19103F-16F7-4668-BE54-9A1E7A4F7556}") = "MyProject.Tests", "MyProject.Tests\MyProject.Tests.csproj", "{461B5243-81A7-407C-BB4A-563E7FDE733D}"
EndProject
Project("{9A19103F-16F7-4668-BE54-9A1E7A4F7556}") = "BVATests", "MyPrọect.Tests\BVATests.csproj", "{70800F50-C719-31FE-67C7-BE80C012A0F4}"
EndProject
Project("{9A19103F-16F7-4668-BE54-9A1E7A4F7556}") = "BVA.Tests", "BVA.Tests\BVA.Tests.csproj", "{3A26F8AD-5EAE-44AE-976A-F5C7BA4DF442}"
EndProject
Project("{FAE04EC0-301F-11D3-BF4B-00C04F79EFBC}") = "KoiFarmShop.Tests", "KoiFarmShop.Tests\KoiFarmShop.Tests.csproj", "{035B2652-56CE-4470-A3BD-4D4BCBC35E73}"
EndProject
Global
	GlobalSection(SolutionConfigurationPlatforms) = preSolution
		Debug|Any CPU = Debug|Any CPU
		Debug|x64 = Debug|x64
		Debug|x86 = Debug|x86
		Release|Any CPU = Release|Any CPU
		Release|x64 = Release|x64
		Release|x86 = Release|x86
	EndGlobalSection
	GlobalSection(ProjectConfigurationPlatforms) = postSolution
		{E5966B33-6459-4025-92C9-A2F40DA52ED9}.Debug|Any CPU.ActiveCfg = Debug|Any CPU
		{E5966B33-6459-4025-92C9-A2F40DA52ED9}.Debug|Any CPU.Build.0 = Debug|Any CPU
		{E5966B33-6459-4025-92C9-A2F40DA52ED9}.Debug|x64.ActiveCfg = Debug|Any CPU
		{E5966B33-6459-4025-92C9-A2F40DA52ED9}.Debug|x64.Build.0 = Debug|Any CPU
		{E5966B33-6459-4025-92C9-A2F40DA52ED9}.Debug|x86.ActiveCfg = Debug|Any CPU
		{E5966B33-6459-4025-92C9-A2F40DA52ED9}.Debug|x86.Build.0 = Debug|Any CPU
		{E5966B33-6459-4025-92C9-A2F40DA52ED9}.Release|Any CPU.ActiveCfg = Release|Any CPU
		{E5966B33-6459-4025-92C9-A2F40DA52ED9}.Release|Any CPU.Build.0 = Release|Any CPU
		{E5966B33-6459-4025-92C9-A2F40DA52ED9}.Release|x64.ActiveCfg = Release|Any CPU
		{E5966B33-6459-4025-92C9-A2F40DA52ED9}.Release|x64.Build.0 = Release|Any CPU
		{E5966B33-6459-4025-92C9-A2F40DA52ED9}.Release|x86.ActiveCfg = Release|Any CPU
		{E5966B33-6459-4025-92C9-A2F40DA52ED9}.Release|x86.Build.0 = Release|Any CPU
		{BECEBC36-B445-49B3-A0BB-816166BF788E}.Debug|Any CPU.ActiveCfg = Debug|Any CPU
		{BECEBC36-B445-49B3-A0BB-816166BF788E}.Debug|Any CPU.Build.0 = Debug|Any CPU
		{BECEBC36-B445-49B3-A0BB-816166BF788E}.Debug|x64.ActiveCfg = Debug|Any CPU
		{BECEBC36-B445-49B3-A0BB-816166BF788E}.Debug|x64.Build.0 = Debug|Any CPU
		{BECEBC36-B445-49B3-A0BB-816166BF788E}.Debug|x86.ActiveCfg = Debug|Any CPU
		{BECEBC36-B445-49B3-A0BB-816166BF788E}.Debug|x86.Build.0 = Debug|Any CPU
		{BECEBC36-B445-49B3-A0BB-816166BF788E}.Release|Any CPU.ActiveCfg = Release|Any CPU
		{BECEBC36-B445-49B3-A0BB-816166BF788E}.Release|Any CPU.Build.0 = Release|Any CPU
		{BECEBC36-B445-49B3-A0BB-816166BF788E}.Release|x64.ActiveCfg = Release|Any CPU
		{BECEBC36-B445-49B3-A0BB-816166BF788E}.Release|x64.Build.0 = Release|Any CPU
		{BECEBC36-B445-49B3-A0BB-816166BF788E}.Release|x86.ActiveCfg = Release|Any CPU
		{BECEBC36-B445-49B3-A0BB-816166BF788E}.Release|x86.Build.0 = Release|Any CPU
		{4DA1315A-F37F-4EEB-9441-BA05E5EA51E6}.Debug|Any CPU.ActiveCfg = Debug|Any CPU
		{4DA1315A-F37F-4EEB-9441-BA05E5EA51E6}.Debug|Any CPU.Build.0 = Debug|Any CPU
		{4DA1315A-F37F-4EEB-9441-BA05E5EA51E6}.Debug|x64.ActiveCfg = Debug|Any CPU
		{4DA1315A-F37F-4EEB-9441-BA05E5EA51E6}.Debug|x64.Build.0 = Debug|Any CPU
		{4DA1315A-F37F-4EEB-9441-BA05E5EA51E6}.Debug|x86.ActiveCfg = Debug|Any CPU
		{4DA1315A-F37F-4EEB-9441-BA05E5EA51E6}.Debug|x86.Build.0 = Debug|Any CPU
		{4DA1315A-F37F-4EEB-9441-BA05E5EA51E6}.Release|Any CPU.ActiveCfg = Release|Any CPU
		{4DA1315A-F37F-4EEB-9441-BA05E5EA51E6}.Release|Any CPU.Build.0 = Release|Any CPU
		{4DA1315A-F37F-4EEB-9441-BA05E5EA51E6}.Release|x64.ActiveCfg = Release|Any CPU
		{4DA1315A-F37F-4EEB-9441-BA05E5EA51E6}.Release|x64.Build.0 = Release|Any CPU
		{4DA1315A-F37F-4EEB-9441-BA05E5EA51E6}.Release|x86.ActiveCfg = Release|Any CPU
		{4DA1315A-F37F-4EEB-9441-BA05E5EA51E6}.Release|x86.Build.0 = Release|Any CPU
		{461B5243-81A7-407C-BB4A-563E7FDE733D}.Debug|Any CPU.ActiveCfg = Debug|Any CPU
		{461B5243-81A7-407C-BB4A-563E7FDE733D}.Debug|Any CPU.Build.0 = Debug|Any CPU
		{461B5243-81A7-407C-BB4A-563E7FDE733D}.Debug|x64.ActiveCfg = Debug|Any CPU
		{461B5243-81A7-407C-BB4A-563E7FDE733D}.Debug|x64.Build.0 = Debug|Any CPU
		{461B5243-81A7-407C-BB4A-563E7FDE733D}.Debug|x86.ActiveCfg = Debug|Any CPU
		{461B5243-81A7-407C-BB4A-563E7FDE733D}.Debug|x86.Build.0 = Debug|Any CPU
		{461B5243-81A7-407C-BB4A-563E7FDE733D}.Release|Any CPU.ActiveCfg = Release|Any CPU
		{461B5243-81A7-407C-BB4A-563E7FDE733D}.Release|Any CPU.Build.0 = Release|Any CPU
		{461B5243-81A7-407C-BB4A-563E7FDE733D}.Release|x64.ActiveCfg = Release|Any CPU
		{461B5243-81A7-407C-BB4A-563E7FDE733D}.Release|x64.Build.0 = Release|Any CPU
		{461B5243-81A7-407C-BB4A-563E7FDE733D}.Release|x86.ActiveCfg = Release|Any CPU
		{461B5243-81A7-407C-BB4A-563E7FDE733D}.Release|x86.Build.0 = Release|Any CPU
		{70800F50-C719-31FE-67C7-BE80C012A0F4}.Debug|Any CPU.ActiveCfg = Debug|Any CPU
		{70800F50-C719-31FE-67C7-BE80C012A0F4}.Debug|Any CPU.Build.0 = Debug|Any CPU
		{70800F50-C719-31FE-67C7-BE80C012A0F4}.Debug|x64.ActiveCfg = Debug|Any CPU
		{70800F50-C719-31FE-67C7-BE80C012A0F4}.Debug|x64.Build.0 = Debug|Any CPU
		{70800F50-C719-31FE-67C7-BE80C012A0F4}.Debug|x86.ActiveCfg = Debug|Any CPU
		{70800F50-C719-31FE-67C7-BE80C012A0F4}.Debug|x86.Build.0 = Debug|Any CPU
		{70800F50-C719-31FE-67C7-BE80C012A0F4}.Release|Any CPU.ActiveCfg = Release|Any CPU
		{70800F50-C719-31FE-67C7-BE80C012A0F4}.Release|Any CPU.Build.0 = Release|Any CPU
		{70800F50-C719-31FE-67C7-BE80C012A0F4}.Release|x64.ActiveCfg = Release|Any CPU
		{70800F50-C719-31FE-67C7-BE80C012A0F4}.Release|x64.Build.0 = Release|Any CPU
		{70800F50-C719-31FE-67C7-BE80C012A0F4}.Release|x86.ActiveCfg = Release|Any CPU
		{70800F50-C719-31FE-67C7-BE80C012A0F4}.Release|x86.Build.0 = Release|Any CPU
		{3A26F8AD-5EAE-44AE-976A-F5C7BA4DF442}.Debug|Any CPU.ActiveCfg = Debug|Any CPU
		{3A26F8AD-5EAE-44AE-976A-F5C7BA4DF442}.Debug|Any CPU.Build.0 = Debug|Any CPU
		{3A26F8AD-5EAE-44AE-976A-F5C7BA4DF442}.Debug|x64.ActiveCfg = Debug|Any CPU
		{3A26F8AD-5EAE-44AE-976A-F5C7BA4DF442}.Debug|x64.Build.0 = Debug|Any CPU
		{3A26F8AD-5EAE-44AE-976A-F5C7BA4DF442}.Debug|x86.ActiveCfg = Debug|Any CPU
		{3A26F8AD-5EAE-44AE-976A-F5C7BA4DF442}.Debug|x86.Build.0 = Debug|Any CPU
		{3A26F8AD-5EAE-44AE-976A-F5C7BA4DF442}.Release|Any CPU.ActiveCfg = Release|Any CPU
		{3A26F8AD-5EAE-44AE-976A-F5C7BA4DF442}.Release|Any CPU.Build.0 = Release|Any CPU
		{3A26F8AD-5EAE-44AE-976A-F5C7BA4DF442}.Release|x64.ActiveCfg = Release|Any CPU
		{3A26F8AD-5EAE-44AE-976A-F5C7BA4DF442}.Release|x64.Build.0 = Release|Any CPU
		{3A26F8AD-5EAE-44AE-976A-F5C7BA4DF442}.Release|x86.ActiveCfg = Release|Any CPU
		{3A26F8AD-5EAE-44AE-976A-F5C7BA4DF442}.Release|x86.Build.0 = Release|Any CPU
		{035B2652-56CE-4470-A3BD-4D4BCBC35E73}.Debug|Any CPU.ActiveCfg = Debug|Any CPU
		{035B2652-56CE-4470-A3BD-4D4BCBC35E73}.Debug|Any CPU.Build.0 = Debug|Any CPU
		{035B2652-56CE-4470-A3BD-4D4BCBC35E73}.Debug|x64.ActiveCfg = Debug|Any CPU
		{035B2652-56CE-4470-A3BD-4D4BCBC35E73}.Debug|x64.Build.0 = Debug|Any CPU
		{035B2652-56CE-4470-A3BD-4D4BCBC35E73}.Debug|x86.ActiveCfg = Debug|Any CPU
		{035B2652-56CE-4470-A3BD-4D4BCBC35E73}.Debug|x86.Build.0 = Debug|Any CPU
		{035B2652-56CE-4470-A3BD-4D4BCBC35E73}.Release|Any CPU.ActiveCfg = Release|Any CPU
		{035B2652-56CE-4470-A3BD-4D4BCBC35E73}.Release|Any CPU.Build.0 = Release|Any CPU
		{035B2652-56CE-4470-A3BD-4D4BCBC35E73}.Release|x64.ActiveCfg = Release|Any CPU
		{035B2652-56CE-4470-A3BD-4D4BCBC35E73}.Release|x64.Build.0 = Release|Any CPU
		{035B2652-56CE-4470-A3BD-4D4BCBC35E73}.Release|x86.ActiveCfg = Release|Any CPU
		{035B2652-56CE-4470-A3BD-4D4BCBC35E73}.Release|x86.Build.0 = Release|Any CPU
	EndGlobalSection
	GlobalSection(SolutionProperties) = preSolution
		HideSolutionNode = FALSE
	EndGlobalSection
	GlobalSection(ExtensibilityGlobals) = postSolution
		SolutionGuid = {4098CD7D-26E1-4A87-A4F3-33831491B89F}
	EndGlobalSection
EndGlobal
